
Microsoft Visual Studio Solution File, Format Version 12.00
# Visual Studio Version 17
VisualStudioVersion = 17.1.32319.34
MinimumVisualStudioVersion = 10.0.40219.1
Project("{2150E333-8FDC-42A3-9474-1A3956D46DE8}") = "iac", "iac", "{63698420-37C2-43B4-93F6-5F1300C4DE7D}"
	ProjectSection(SolutionItems) = preProject
		..\.github\workflows\BuildAndDeployToNuget.yml = ..\.github\workflows\BuildAndDeployToNuget.yml
		..\.github\workflows\ci.yml = ..\.github\workflows\ci.yml
		..\.github\workflows\release-preview.yml = ..\.github\workflows\release-preview.yml
		..\.github\workflows\release.yml = ..\.github\workflows\release.yml
	EndProjectSection
EndProject
Project("{9A19103F-16F7-4668-BE54-9A1E7A4F7556}") = "Avts.DecoratorsForCcc", "Avts.DecoratorsForCcc\Avts.DecoratorsForCcc\Avts.DecoratorsForCcc.csproj", "{D9D0CDF9-E6B6-4FC7-A6C9-DBBF66B5A58D}"
EndProject
Project("{9A19103F-16F7-4668-BE54-9A1E7A4F7556}") = "Avts.DecoratorsForCcc.CodeFixes", "Avts.DecoratorsForCcc\Avts.DecoratorsForCcc.CodeFixes\Avts.DecoratorsForCcc.CodeFixes.csproj", "{D4B02C18-BFB6-4D0B-8295-A0DF088E5321}"
EndProject
Project("{9A19103F-16F7-4668-BE54-9A1E7A4F7556}") = "Avts.DecoratorsForCcc.Package", "Avts.DecoratorsForCcc\Avts.DecoratorsForCcc.Package\Avts.DecoratorsForCcc.Package.csproj", "{C28CEE8E-AFDD-4A68-9BE1-B3C68E8A9CA6}"
EndProject
Project("{9A19103F-16F7-4668-BE54-9A1E7A4F7556}") = "Avts.DecoratorsForCcc.Test", "Avts.DecoratorsForCcc\Avts.DecoratorsForCcc.Test\Avts.DecoratorsForCcc.Test.csproj", "{266E1228-E5B2-4CCE-8F29-73DE2F0F7CCB}"
EndProject
Project("{9A19103F-16F7-4668-BE54-9A1E7A4F7556}") = "Avts.DecoratorsForCcc.Vsix", "Avts.DecoratorsForCcc\Avts.DecoratorsForCcc.Vsix\Avts.DecoratorsForCcc.Vsix.csproj", "{900C1898-F1B1-415D-A8FE-A125A29FC3E7}"
EndProject
Global
	GlobalSection(SolutionConfigurationPlatforms) = preSolution
		Debug|Any CPU = Debug|Any CPU
		Release|Any CPU = Release|Any CPU
	EndGlobalSection
	GlobalSection(ProjectConfigurationPlatforms) = postSolution
		{D9D0CDF9-E6B6-4FC7-A6C9-DBBF66B5A58D}.Debug|Any CPU.ActiveCfg = Debug|Any CPU
		{D9D0CDF9-E6B6-4FC7-A6C9-DBBF66B5A58D}.Debug|Any CPU.Build.0 = Debug|Any CPU
		{D9D0CDF9-E6B6-4FC7-A6C9-DBBF66B5A58D}.Release|Any CPU.ActiveCfg = Release|Any CPU
		{D9D0CDF9-E6B6-4FC7-A6C9-DBBF66B5A58D}.Release|Any CPU.Build.0 = Release|Any CPU
		{D4B02C18-BFB6-4D0B-8295-A0DF088E5321}.Debug|Any CPU.ActiveCfg = Debug|Any CPU
		{D4B02C18-BFB6-4D0B-8295-A0DF088E5321}.Debug|Any CPU.Build.0 = Debug|Any CPU
		{D4B02C18-BFB6-4D0B-8295-A0DF088E5321}.Release|Any CPU.ActiveCfg = Release|Any CPU
		{D4B02C18-BFB6-4D0B-8295-A0DF088E5321}.Release|Any CPU.Build.0 = Release|Any CPU
		{C28CEE8E-AFDD-4A68-9BE1-B3C68E8A9CA6}.Debug|Any CPU.ActiveCfg = Debug|Any CPU
		{C28CEE8E-AFDD-4A68-9BE1-B3C68E8A9CA6}.Debug|Any CPU.Build.0 = Debug|Any CPU
		{C28CEE8E-AFDD-4A68-9BE1-B3C68E8A9CA6}.Release|Any CPU.ActiveCfg = Release|Any CPU
		{C28CEE8E-AFDD-4A68-9BE1-B3C68E8A9CA6}.Release|Any CPU.Build.0 = Release|Any CPU
		{266E1228-E5B2-4CCE-8F29-73DE2F0F7CCB}.Debug|Any CPU.ActiveCfg = Debug|Any CPU
		{266E1228-E5B2-4CCE-8F29-73DE2F0F7CCB}.Debug|Any CPU.Build.0 = Debug|Any CPU
		{266E1228-E5B2-4CCE-8F29-73DE2F0F7CCB}.Release|Any CPU.ActiveCfg = Release|Any CPU
		{266E1228-E5B2-4CCE-8F29-73DE2F0F7CCB}.Release|Any CPU.Build.0 = Release|Any CPU
		{900C1898-F1B1-415D-A8FE-A125A29FC3E7}.Debug|Any CPU.ActiveCfg = Debug|Any CPU
		{900C1898-F1B1-415D-A8FE-A125A29FC3E7}.Debug|Any CPU.Build.0 = Debug|Any CPU
		{900C1898-F1B1-415D-A8FE-A125A29FC3E7}.Release|Any CPU.ActiveCfg = Release|Any CPU
		{900C1898-F1B1-415D-A8FE-A125A29FC3E7}.Release|Any CPU.Build.0 = Release|Any CPU
	EndGlobalSection
	GlobalSection(SolutionProperties) = preSolution
		HideSolutionNode = FALSE
	EndGlobalSection
	GlobalSection(ExtensibilityGlobals) = postSolution
		SolutionGuid = {431E2CF2-4408-4EA5-8842-3FA805F96BE1}
	EndGlobalSection
EndGlobal
